
Microsoft Visual Studio Solution File, Format Version 12.00
# Visual Studio Version 17
VisualStudioVersion = 17.8.34511.84
MinimumVisualStudioVersion = 10.0.40219.1
Project("{FAE04EC0-301F-11D3-BF4B-00C04F79EFBC}") = "REST_API_TEMPLATE", "REST_API_TEMPLATE.csproj", "{BF83B573-A2EB-4A7A-A2E5-746F637DC874}"
EndProject
Global
	GlobalSection(SolutionConfigurationPlatforms) = preSolution
		Debug|Any CPU = Debug|Any CPU
		Release|Any CPU = Release|Any CPU
	EndGlobalSection
	GlobalSection(ProjectConfigurationPlatforms) = postSolution
		{BF83B573-A2EB-4A7A-A2E5-746F637DC874}.Debug|Any CPU.ActiveCfg = Debug|Any CPU
		{BF83B573-A2EB-4A7A-A2E5-746F637DC874}.Debug|Any CPU.Build.0 = Debug|Any CPU
		{BF83B573-A2EB-4A7A-A2E5-746F637DC874}.Release|Any CPU.ActiveCfg = Release|Any CPU
		{BF83B573-A2EB-4A7A-A2E5-746F637DC874}.Release|Any CPU.Build.0 = Release|Any CPU
	EndGlobalSection
	GlobalSection(SolutionProperties) = preSolution
		HideSolutionNode = FALSE
	EndGlobalSection
	GlobalSection(ExtensibilityGlobals) = postSolution
		SolutionGuid = {F6EDEFE0-6080-4FB6-B4AF-4F8BE8407905}
	EndGlobalSection
EndGlobal
